// !$*UTF8*$!
{
	archiveVersion = 1;
	classes = {
	};
	objectVersion = 77;
	objects = {

/* Begin PBXBuildFile section */
		2660427E2F282C5A006FB55A /* WebViewCache.swift in Sources */ = {isa = PBXBuildFile; fileRef = 266042312F282C5A006FB55A /* WebViewCache.swift */; };
		2660427F2F282C5A006FB55A /* MenuBarManager.swift in Sources */ = {isa = PBXBuildFile; fileRef = 2660422D2F282C5A006FB55A /* MenuBarManager.swift */; };
		266042862F282C5A006FB55A /* PreferencesManager.swift in Sources */ = {isa = PBXBuildFile; fileRef = 2660422E2F282C5A006FB55A /* PreferencesManager.swift */; };
		2660428A2F282C5A006FB55A /* CompactChatView.swift in Sources */ = {isa = PBXBuildFile; fileRef = 266042392F282C5A006FB55A /* CompactChatView.swift */; };
		266042A32F282C5A006FB55A /* KeyboardShortcutManager.swift in Sources */ = {isa = PBXBuildFile; fileRef = 2660422C2F282C5A006FB55A /* KeyboardShortcutManager.swift */; };
		266042A62F282C5A006FB55A /* AIToolsApp.swift in Sources */ = {isa = PBXBuildFile; fileRef = 266042662F282C5A006FB55A /* AIToolsApp.swift */; };
		266042BD2F282C5A006FB55A /* Info.plist in Resources */ = {isa = PBXBuildFile; fileRef = 2660426A2F282C5A006FB55A /* Info.plist */; };
		266042BE2F282C5A006FB55A /* Config.xcconfig in Resources */ = {isa = PBXBuildFile; fileRef = 266042692F282C5A006FB55A /* Config.xcconfig */; };
		266042C02F282C5A006FB55A /* Assets.xcassets in Resources */ = {isa = PBXBuildFile; fileRef = 266042682F282C5A006FB55A /* Assets.xcassets */; };
		266042C82F282C5A006FB55A /* README.md in Resources */ = {isa = PBXBuildFile; fileRef = 2660426E2F282C5A006FB55A /* README.md */; };
		26E538532F2D6CBF00360942 /* menu-mode.png in Resources */ = {isa = PBXBuildFile; fileRef = 26E538522F2D6CBF00360942 /* menu-mode.png */; };
		26E538552F2D6CEF00360942 /* float1-mode.png in Resources */ = {isa = PBXBuildFile; fileRef = 26E538542F2D6CEF00360942 /* float1-mode.png */; };
/* End PBXBuildFile section */

/* Begin PBXFileReference section */
		2660421A2F282AB8006FB55A /* GeminiApp.app */ = {isa = PBXFileReference; explicitFileType = wrapper.application; includeInIndex = 0; path = GeminiApp.app; sourceTree = BUILT_PRODUCTS_DIR; };
		2660422C2F282C5A006FB55A /* KeyboardShortcutManager.swift */ = {isa = PBXFileReference; lastKnownFileType = sourcecode.swift; path = KeyboardShortcutManager.swift; sourceTree = "<group>"; };
		2660422D2F282C5A006FB55A /* MenuBarManager.swift */ = {isa = PBXFileReference; lastKnownFileType = sourcecode.swift; path = MenuBarManager.swift; sourceTree = "<group>"; };
		2660422E2F282C5A006FB55A /* PreferencesManager.swift */ = {isa = PBXFileReference; lastKnownFileType = sourcecode.swift; path = PreferencesManager.swift; sourceTree = "<group>"; };
		266042312F282C5A006FB55A /* WebViewCache.swift */ = {isa = PBXFileReference; lastKnownFileType = sourcecode.swift; path = WebViewCache.swift; sourceTree = "<group>"; };
		266042392F282C5A006FB55A /* CompactChatView.swift */ = {isa = PBXFileReference; lastKnownFileType = sourcecode.swift; path = CompactChatView.swift; sourceTree = "<group>"; };
		266042662F282C5A006FB55A /* AIToolsApp.swift */ = {isa = PBXFileReference; lastKnownFileType = sourcecode.swift; path = AIToolsApp.swift; sourceTree = "<group>"; };
		266042672F282C5A006FB55A /* AppleAI.entitlements */ = {isa = PBXFileReference; lastKnownFileType = text.plist.entitlements; path = AppleAI.entitlements; sourceTree = "<group>"; };
		266042682F282C5A006FB55A /* Assets.xcassets */ = {isa = PBXFileReference; lastKnownFileType = folder.assetcatalog; path = Assets.xcassets; sourceTree = "<group>"; };
		266042692F282C5A006FB55A /* Config.xcconfig */ = {isa = PBXFileReference; lastKnownFileType = text.xcconfig; path = Config.xcconfig; sourceTree = "<group>"; };
		2660426A2F282C5A006FB55A /* Info.plist */ = {isa = PBXFileReference; lastKnownFileType = text.plist.xml; path = Info.plist; sourceTree = "<group>"; };
		2660426E2F282C5A006FB55A /* README.md */ = {isa = PBXFileReference; lastKnownFileType = net.daringfireball.markdown; path = README.md; sourceTree = "<group>"; };
		26E538522F2D6CBF00360942 /* menu-mode.png */ = {isa = PBXFileReference; lastKnownFileType = image.png; path = "menu-mode.png"; sourceTree = "<group>"; };
		26E538542F2D6CEF00360942 /* float1-mode.png */ = {isa = PBXFileReference; lastKnownFileType = image.png; path = "float1-mode.png"; sourceTree = "<group>"; };
/* End PBXFileReference section */

/* Begin PBXFrameworksBuildPhase section */
		266042172F282AB8006FB55A /* Frameworks */ = {
			isa = PBXFrameworksBuildPhase;
			buildActionMask = 2147483647;
			files = (
			);
			runOnlyForDeploymentPostprocessing = 0;
		};
/* End PBXFrameworksBuildPhase section */

/* Begin PBXGroup section */
		266042112F282AB8006FB55A = {
			isa = PBXGroup;
			children = (
				2660426B2F282C5A006FB55A /* GeminiApp */,
				2660426E2F282C5A006FB55A /* README.md */,
				2670162D2F2B897400AD381E /* requirements */,
				2660421B2F282AB8006FB55A /* Products */,
			);
			sourceTree = "<group>";
		};
		2660421B2F282AB8006FB55A /* Products */ = {
			isa = PBXGroup;
			children = (
				2660421A2F282AB8006FB55A /* GeminiApp.app */,
			);
			name = Products;
			sourceTree = "<group>";
		};
		266042332F282C5A006FB55A /* Managers */ = {
			isa = PBXGroup;
			children = (
				2660422C2F282C5A006FB55A /* KeyboardShortcutManager.swift */,
				2660422D2F282C5A006FB55A /* MenuBarManager.swift */,
				2660422E2F282C5A006FB55A /* PreferencesManager.swift */,
				266042312F282C5A006FB55A /* WebViewCache.swift */,
			);
			path = Managers;
			sourceTree = "<group>";
		};
		266042652F282C5A006FB55A /* Views */ = {
			isa = PBXGroup;
			children = (
				266042392F282C5A006FB55A /* CompactChatView.swift */,
			);
			path = Views;
			sourceTree = "<group>";
		};
		2660426B2F282C5A006FB55A /* GeminiApp */ = {
			isa = PBXGroup;
			children = (
				266042332F282C5A006FB55A /* Managers */,
				266042652F282C5A006FB55A /* Views */,
				266042662F282C5A006FB55A /* AIToolsApp.swift */,
				266042672F282C5A006FB55A /* AppleAI.entitlements */,
				266042682F282C5A006FB55A /* Assets.xcassets */,
				266042692F282C5A006FB55A /* Config.xcconfig */,
				2660426A2F282C5A006FB55A /* Info.plist */,
			);
			path = GeminiApp;
			sourceTree = "<group>";
		};
		2670162D2F2B897400AD381E /* requirements */ = {
			isa = PBXGroup;
			children = (
				26E538522F2D6CBF00360942 /* menu-mode.png */,
				26E538542F2D6CEF00360942 /* float1-mode.png */,
			);
			path = requirements;
			sourceTree = "<group>";
		};
/* End PBXGroup section */

/* Begin PBXNativeTarget section */
		266042192F282AB8006FB55A /* GeminiApp */ = {
			isa = PBXNativeTarget;
			buildConfigurationList = 266042252F282AB9006FB55A /* Build configuration list for PBXNativeTarget "GeminiApp" */;
			buildPhases = (
				266042162F282AB8006FB55A /* Sources */,
				266042172F282AB8006FB55A /* Frameworks */,
				266042182F282AB8006FB55A /* Resources */,
			);
			buildRules = (
			);
			dependencies = (
			);
			name = GeminiApp;
			packageProductDependencies = (
			);
			productName = FloatBrowser;
			productReference = 2660421A2F282AB8006FB55A /* GeminiApp.app */;
			productType = "com.apple.product-type.application";
		};
/* End PBXNativeTarget section */

/* Begin PBXProject section */
		266042122F282AB8006FB55A /* Project object */ = {
			isa = PBXProject;
			attributes = {
				BuildIndependentTargetsInParallel = 1;
				LastSwiftUpdateCheck = 2620;
				LastUpgradeCheck = 2620;
				TargetAttributes = {
					266042192F282AB8006FB55A = {
						CreatedOnToolsVersion = 26.2;
					};
				};
			};
			buildConfigurationList = 266042152F282AB8006FB55A /* Build configuration list for PBXProject "GeminiApp" */;
			developmentRegion = en;
			hasScannedForEncodings = 0;
			knownRegions = (
				en,
				Base,
			);
			mainGroup = 266042112F282AB8006FB55A;
			minimizedProjectReferenceProxies = 1;
			preferredProjectObjectVersion = 77;
			productRefGroup = 2660421B2F282AB8006FB55A /* Products */;
			projectDirPath = "";
			projectRoot = "";
			targets = (
				266042192F282AB8006FB55A /* GeminiApp */,
			);
		};
/* End PBXProject section */

/* Begin PBXResourcesBuildPhase section */
		266042182F282AB8006FB55A /* Resources */ = {
			isa = PBXResourcesBuildPhase;
			buildActionMask = 2147483647;
			files = (
				266042BD2F282C5A006FB55A /* Info.plist in Resources */,
				266042BE2F282C5A006FB55A /* Config.xcconfig in Resources */,
				26E538532F2D6CBF00360942 /* menu-mode.png in Resources */,
				266042C02F282C5A006FB55A /* Assets.xcassets in Resources */,
				26E538552F2D6CEF00360942 /* float1-mode.png in Resources */,
				266042C82F282C5A006FB55A /* README.md in Resources */,
			);
			runOnlyForDeploymentPostprocessing = 0;
		};
/* End PBXResourcesBuildPhase section */

/* Begin PBXSourcesBuildPhase section */
		266042162F282AB8006FB55A /* Sources */ = {
			isa = PBXSourcesBuildPhase;
			buildActionMask = 2147483647;
			files = (
				2660427E2F282C5A006FB55A /* WebViewCache.swift in Sources */,
				2660427F2F282C5A006FB55A /* MenuBarManager.swift in Sources */,
				266042862F282C5A006FB55A /* PreferencesManager.swift in Sources */,
				2660428A2F282C5A006FB55A /* CompactChatView.swift in Sources */,
				266042A32F282C5A006FB55A /* KeyboardShortcutManager.swift in Sources */,
				266042A62F282C5A006FB55A /* AIToolsApp.swift in Sources */,
			);
			runOnlyForDeploymentPostprocessing = 0;
		};
/* End PBXSourcesBuildPhase section */

/* Begin XCBuildConfiguration section */
		266042232F282AB9006FB55A /* Debug */ = {
			isa = XCBuildConfiguration;
			buildSettings = {
				ALWAYS_SEARCH_USER_PATHS = NO;
				ASSETCATALOG_COMPILER_GENERATE_SWIFT_ASSET_SYMBOL_EXTENSIONS = YES;
				CLANG_ANALYZER_NONNULL = YES;
				CLANG_ANALYZER_NUMBER_OBJECT_CONVERSION = YES_AGGRESSIVE;
				CLANG_CXX_LANGUAGE_STANDARD = "gnu++20";
				CLANG_ENABLE_MODULES = YES;
				CLANG_ENABLE_OBJC_ARC = YES;
				CLANG_ENABLE_OBJC_WEAK = YES;
				CLANG_WARN_BLOCK_CAPTURE_AUTORELEASING = YES;
				CLANG_WARN_BOOL_CONVERSION = YES;
				CLANG_WARN_COMMA = YES;
				CLANG_WARN_CONSTANT_CONVERSION = YES;
				CLANG_WARN_DEPRECATED_OBJC_IMPLEMENTATIONS = YES;
				CLANG_WARN_DIRECT_OBJC_ISA_USAGE = YES_ERROR;
				CLANG_WARN_DOCUMENTATION_COMMENTS = YES;
				CLANG_WARN_EMPTY_BODY = YES;
				CLANG_WARN_ENUM_CONVERSION = YES;
				CLANG_WARN_INFINITE_RECURSION = YES;
				CLANG_WARN_INT_CONVERSION = YES;
				CLANG_WARN_NON_LITERAL_NULL_CONVERSION = YES;
				CLANG_WARN_OBJC_IMPLICIT_RETAIN_SELF = YES;
				CLANG_WARN_OBJC_LITERAL_CONVERSION = YES;
				CLANG_WARN_OBJC_ROOT_CLASS = YES_ERROR;
				CLANG_WARN_QUOTED_INCLUDE_IN_FRAMEWORK_HEADER = YES;
				CLANG_WARN_RANGE_LOOP_ANALYSIS = YES;
				CLANG_WARN_STRICT_PROTOTYPES = YES;
				CLANG_WARN_SUSPICIOUS_MOVE = YES;
				CLANG_WARN_UNGUARDED_AVAILABILITY = YES_AGGRESSIVE;
				CLANG_WARN_UNREACHABLE_CODE = YES;
				CLANG_WARN__DUPLICATE_METHOD_MATCH = YES;
				COPY_PHASE_STRIP = NO;
				DEBUG_INFORMATION_FORMAT = dwarf;
				ENABLE_STRICT_OBJC_MSGSEND = YES;
				ENABLE_TESTABILITY = YES;
				ENABLE_USER_SCRIPT_SANDBOXING = YES;
				GCC_C_LANGUAGE_STANDARD = gnu17;
				GCC_DYNAMIC_NO_PIC = NO;
				GCC_NO_COMMON_BLOCKS = YES;
				GCC_OPTIMIZATION_LEVEL = 0;
				GCC_PREPROCESSOR_DEFINITIONS = (
					"DEBUG=1",
					"$(inherited)",
				);
				GCC_WARN_64_TO_32_BIT_CONVERSION = YES;
				GCC_WARN_ABOUT_RETURN_TYPE = YES_ERROR;
				GCC_WARN_UNDECLARED_SELECTOR = YES;
				GCC_WARN_UNINITIALIZED_AUTOS = YES_AGGRESSIVE;
				GCC_WARN_UNUSED_FUNCTION = YES;
				GCC_WARN_UNUSED_VARIABLE = YES;
				LOCALIZATION_PREFERS_STRING_CATALOGS = YES;
				MACOSX_DEPLOYMENT_TARGET = 26.2;
				MTL_ENABLE_DEBUG_INFO = INCLUDE_SOURCE;
				MTL_FAST_MATH = YES;
				ONLY_ACTIVE_ARCH = YES;
				SDKROOT = macosx;
				SWIFT_ACTIVE_COMPILATION_CONDITIONS = "DEBUG $(inherited)";
				SWIFT_OPTIMIZATION_LEVEL = "-Onone";
			};
			name = Debug;
		};
		266042242F282AB9006FB55A /* Release */ = {
			isa = XCBuildConfiguration;
			buildSettings = {
				ALWAYS_SEARCH_USER_PATHS = NO;
				ASSETCATALOG_COMPILER_GENERATE_SWIFT_ASSET_SYMBOL_EXTENSIONS = YES;
				CLANG_ANALYZER_NONNULL = YES;
				CLANG_ANALYZER_NUMBER_OBJECT_CONVERSION = YES_AGGRESSIVE;
				CLANG_CXX_LANGUAGE_STANDARD = "gnu++20";
				CLANG_ENABLE_MODULES = YES;
				CLANG_ENABLE_OBJC_ARC = YES;
				CLANG_ENABLE_OBJC_WEAK = YES;
				CLANG_WARN_BLOCK_CAPTURE_AUTORELEASING = YES;
				CLANG_WARN_BOOL_CONVERSION = YES;
				CLANG_WARN_COMMA = YES;
				CLANG_WARN_CONSTANT_CONVERSION = YES;
				CLANG_WARN_DEPRECATED_OBJC_IMPLEMENTATIONS = YES;
				CLANG_WARN_DIRECT_OBJC_ISA_USAGE = YES_ERROR;
				CLANG_WARN_DOCUMENTATION_COMMENTS = YES;
				CLANG_WARN_EMPTY_BODY = YES;
				CLANG_WARN_ENUM_CONVERSION = YES;
				CLANG_WARN_INFINITE_RECURSION = YES;
				CLANG_WARN_INT_CONVERSION = YES;
				CLANG_WARN_NON_LITERAL_NULL_CONVERSION = YES;
				CLANG_WARN_OBJC_IMPLICIT_RETAIN_SELF = YES;
				CLANG_WARN_OBJC_LITERAL_CONVERSION = YES;
				CLANG_WARN_OBJC_ROOT_CLASS = YES_ERROR;
				CLANG_WARN_QUOTED_INCLUDE_IN_FRAMEWORK_HEADER = YES;
				CLANG_WARN_RANGE_LOOP_ANALYSIS = YES;
				CLANG_WARN_STRICT_PROTOTYPES = YES;
				CLANG_WARN_SUSPICIOUS_MOVE = YES;
				CLANG_WARN_UNGUARDED_AVAILABILITY = YES_AGGRESSIVE;
				CLANG_WARN_UNREACHABLE_CODE = YES;
				CLANG_WARN__DUPLICATE_METHOD_MATCH = YES;
				COPY_PHASE_STRIP = NO;
				DEBUG_INFORMATION_FORMAT = "dwarf-with-dsym";
				ENABLE_NS_ASSERTIONS = NO;
				ENABLE_STRICT_OBJC_MSGSEND = YES;
				ENABLE_USER_SCRIPT_SANDBOXING = YES;
				GCC_C_LANGUAGE_STANDARD = gnu17;
				GCC_NO_COMMON_BLOCKS = YES;
				GCC_WARN_64_TO_32_BIT_CONVERSION = YES;
				GCC_WARN_ABOUT_RETURN_TYPE = YES_ERROR;
				GCC_WARN_UNDECLARED_SELECTOR = YES;
				GCC_WARN_UNINITIALIZED_AUTOS = YES_AGGRESSIVE;
				GCC_WARN_UNUSED_FUNCTION = YES;
				GCC_WARN_UNUSED_VARIABLE = YES;
				LOCALIZATION_PREFERS_STRING_CATALOGS = YES;
				MACOSX_DEPLOYMENT_TARGET = 26.2;
				MTL_ENABLE_DEBUG_INFO = NO;
				MTL_FAST_MATH = YES;
				SDKROOT = macosx;
				SWIFT_COMPILATION_MODE = wholemodule;
			};
			name = Release;
		};
		266042262F282AB9006FB55A /* Debug */ = {
			isa = XCBuildConfiguration;
			buildSettings = {
				ASSETCATALOG_COMPILER_APPICON_NAME = AppIcon;
				ASSETCATALOG_COMPILER_GLOBAL_ACCENT_COLOR_NAME = AccentColor;
				CODE_SIGN_IDENTITY = "Apple Development";
				"CODE_SIGN_IDENTITY[sdk=macosx*]" = "-";
				CODE_SIGN_STYLE = Automatic;
				COMBINE_HIDPI_IMAGES = YES;
				CURRENT_PROJECT_VERSION = 1;
				DEVELOPMENT_TEAM = B4G29ZH5V7;
				ENABLE_APP_SANDBOX = NO;
				ENABLE_PREVIEWS = YES;
				GENERATE_INFOPLIST_FILE = YES;
				INFOPLIST_KEY_CFBundleDisplayName = FloatBrowser;
				INFOPLIST_KEY_LSApplicationCategoryType = "public.app-category.utilities";
				INFOPLIST_KEY_NSHumanReadableCopyright = "";
				LD_RUNPATH_SEARCH_PATHS = (
					"$(inherited)",
					"@executable_path/../Frameworks",
				);
				MARKETING_VERSION = 1.0;
				PRODUCT_BUNDLE_IDENTIFIER = com.recep.GeminiApp;
				PRODUCT_NAME = GeminiApp;
				PROVISIONING_PROFILE_SPECIFIER = "";
				REGISTER_APP_GROUPS = YES;
				STRING_CATALOG_GENERATE_SYMBOLS = YES;
				SWIFT_APPROACHABLE_CONCURRENCY = YES;
				SWIFT_DEFAULT_ACTOR_ISOLATION = MainActor;
				SWIFT_EMIT_LOC_STRINGS = YES;
				SWIFT_UPCOMING_FEATURE_MEMBER_IMPORT_VISIBILITY = YES;
				SWIFT_VERSION = 5.0;
			};
			name = Debug;
		};
		266042272F282AB9006FB55A /* Release */ = {
			isa = XCBuildConfiguration;
			buildSettings = {
				ASSETCATALOG_COMPILER_APPICON_NAME = AppIcon;
				ASSETCATALOG_COMPILER_GLOBAL_ACCENT_COLOR_NAME = AccentColor;
				CODE_SIGN_IDENTITY = "Apple Development";
				"CODE_SIGN_IDENTITY[sdk=macosx*]" = "-";
				CODE_SIGN_STYLE = Automatic;
				COMBINE_HIDPI_IMAGES = YES;
				CURRENT_PROJECT_VERSION = 1;
				DEVELOPMENT_TEAM = B4G29ZH5V7;
				ENABLE_APP_SANDBOX = NO;
				ENABLE_PREVIEWS = YES;
				GENERATE_INFOPLIST_FILE = YES;
				INFOPLIST_KEY_CFBundleDisplayName = FloatBrowser;
				INFOPLIST_KEY_LSApplicationCategoryType = "public.app-category.utilities";
				INFOPLIST_KEY_NSHumanReadableCopyright = "";
				LD_RUNPATH_SEARCH_PATHS = (
					"$(inherited)",
					"@executable_path/../Frameworks",
				);
				MARKETING_VERSION = 1.0;
				PRODUCT_BUNDLE_IDENTIFIER = com.recep.GeminiApp;
				PRODUCT_NAME = GeminiApp;
				PROVISIONING_PROFILE_SPECIFIER = "";
				REGISTER_APP_GROUPS = YES;
				STRING_CATALOG_GENERATE_SYMBOLS = YES;
				SWIFT_APPROACHABLE_CONCURRENCY = YES;
				SWIFT_DEFAULT_ACTOR_ISOLATION = MainActor;
				SWIFT_EMIT_LOC_STRINGS = YES;
				SWIFT_UPCOMING_FEATURE_MEMBER_IMPORT_VISIBILITY = YES;
				SWIFT_VERSION = 5.0;
			};
			name = Release;
		};
/* End XCBuildConfiguration section */

/* Begin XCConfigurationList section */
		266042152F282AB8006FB55A /* Build configuration list for PBXProject "GeminiApp" */ = {
			isa = XCConfigurationList;
			buildConfigurations = (
				266042232F282AB9006FB55A /* Debug */,
				266042242F282AB9006FB55A /* Release */,
			);
			defaultConfigurationIsVisible = 0;
			defaultConfigurationName = Release;
		};
		266042252F282AB9006FB55A /* Build configuration list for PBXNativeTarget "GeminiApp" */ = {
			isa = XCConfigurationList;
			buildConfigurations = (
				266042262F282AB9006FB55A /* Debug */,
				266042272F282AB9006FB55A /* Release */,
			);
			defaultConfigurationIsVisible = 0;
			defaultConfigurationName = Release;
		};
/* End XCConfigurationList section */
	};
	rootObject = 266042122F282AB8006FB55A /* Project object */;
}
